
Microsoft Visual Studio Solution File, Format Version 12.00
# Visual Studio 14
VisualStudioVersion = 14.0.24720.0
MinimumVisualStudioVersion = 10.0.40219.1
Project("{8BC9CEB8-8B4A-11D0-8D11-00A0C91BC942}") = "Library", "Library\Library.vcxproj", "{62DDCC8A-71A6-45F8-97F7-382CB0FA4065}"
EndProject
Project("{8BC9CEB8-8B4A-11D0-8D11-00A0C91BC942}") = "Tetris", "Tetris\Tetris.vcxproj", "{5457B004-CED8-42A8-88FC-7AFA2ACA0D06}"
EndProject
Global
	GlobalSection(SolutionConfigurationPlatforms) = preSolution
		Debug|x86 = Debug|x86
		Release|x86 = Release|x86
	EndGlobalSection
	GlobalSection(ProjectConfigurationPlatforms) = postSolution
		{62DDCC8A-71A6-45F8-97F7-382CB0FA4065}.Debug|x86.ActiveCfg = Debug|Win32
		{62DDCC8A-71A6-45F8-97F7-382CB0FA4065}.Debug|x86.Build.0 = Debug|Win32
		{62DDCC8A-71A6-45F8-97F7-382CB0FA4065}.Release|x86.ActiveCfg = Release|Win32
		{62DDCC8A-71A6-45F8-97F7-382CB0FA4065}.Release|x86.Build.0 = Release|Win32
		{5457B004-CED8-42A8-88FC-7AFA2ACA0D06}.Debug|x86.ActiveCfg = Debug|Win32
		{5457B004-CED8-42A8-88FC-7AFA2ACA0D06}.Debug|x86.Build.0 = Debug|Win32
		{5457B004-CED8-42A8-88FC-7AFA2ACA0D06}.Release|x86.ActiveCfg = Release|Win32
		{5457B004-CED8-42A8-88FC-7AFA2ACA0D06}.Release|x86.Build.0 = Release|Win32
	EndGlobalSection
	GlobalSection(SolutionProperties) = preSolution
		HideSolutionNode = FALSE
	EndGlobalSection
EndGlobal
